{
    "name": "my-nexon-proxy",
    "version": "1.0.0",
    "lockfileVersion": 3,
    "requires": true,
    "packages": {
        "": {
            "name": "my-nexon-proxy",
            "version": "1.0.0",
            "dependencies": {
                "@ruvice/my-maple-models": "^0.2.2"
            }
        },
        "node_modules/@ruvice/my-maple-models": {
            "version": "0.2.2",
            "resolved": "https://registry.npmjs.org/@ruvice/my-maple-models/-/my-maple-models-0.2.2.tgz",
            "integrity": "sha512-nc19VXs20HhsAqNm8y7LDSI4tu7VW/BQUKTH3qzBqeFrmEdBnUcB0Jm76Ub2H349Dw2QOiQacYRoUbuu0OTzUA=="
        }
    }
}
