{
    "name": "my-nexon-proxy",
    "version": "1.0.0",
    "lockfileVersion": 3,
    "requires": true,
    "packages": {
        "": {
            "name": "my-nexon-proxy",
            "version": "1.0.0",
            "dependencies": {
                "@ruvice/my-maple-models": "^0.1.5"
            }
        },
        "node_modules/@ruvice/my-maple-models": {
            "version": "0.1.5",
            "resolved": "https://registry.npmjs.org/@ruvice/my-maple-models/-/my-maple-models-0.1.5.tgz",
            "integrity": "sha512-5A/WBzyHZj4LzM0Cj+FU1bYip+j6wEfQ6zkEnMWf10FTEzdqIMkzBINmMt6BRqjJjFMGkom11VPkpBFXzYuXVg=="
        }
    }
}
